
Microsoft Visual Studio Solution File, Format Version 12.00
# Visual Studio 15
VisualStudioVersion = 15.0.27428.2015
MinimumVisualStudioVersion = 10.0.40219.1
Project("{FAE04EC0-301F-11D3-BF4B-00C04F79EFBC}") = "Lenneth.Core", "Lenneth.Core\Lenneth.Core.csproj", "{FBEB21F3-2543-4B10-8760-99A9C7BC2C78}"
EndProject
Project("{FAE04EC0-301F-11D3-BF4B-00C04F79EFBC}") = "Lenneth.Test", "Lenneth.Test\Lenneth.Test.csproj", "{BBBA284F-415A-4DEB-A2CE-DAE9AA0BFF7A}"
EndProject
Global
	GlobalSection(SolutionConfigurationPlatforms) = preSolution
		Debug|Any CPU = Debug|Any CPU
		Release|Any CPU = Release|Any CPU
	EndGlobalSection
	GlobalSection(ProjectConfigurationPlatforms) = postSolution
		{FBEB21F3-2543-4B10-8760-99A9C7BC2C78}.Debug|Any CPU.ActiveCfg = Debug|Any CPU
		{FBEB21F3-2543-4B10-8760-99A9C7BC2C78}.Debug|Any CPU.Build.0 = Debug|Any CPU
		{FBEB21F3-2543-4B10-8760-99A9C7BC2C78}.Release|Any CPU.ActiveCfg = Release|Any CPU
		{FBEB21F3-2543-4B10-8760-99A9C7BC2C78}.Release|Any CPU.Build.0 = Release|Any CPU
		{BBBA284F-415A-4DEB-A2CE-DAE9AA0BFF7A}.Debug|Any CPU.ActiveCfg = Debug|Any CPU
		{BBBA284F-415A-4DEB-A2CE-DAE9AA0BFF7A}.Debug|Any CPU.Build.0 = Debug|Any CPU
		{BBBA284F-415A-4DEB-A2CE-DAE9AA0BFF7A}.Release|Any CPU.ActiveCfg = Release|Any CPU
		{BBBA284F-415A-4DEB-A2CE-DAE9AA0BFF7A}.Release|Any CPU.Build.0 = Release|Any CPU
	EndGlobalSection
	GlobalSection(SolutionProperties) = preSolution
		HideSolutionNode = FALSE
	EndGlobalSection
	GlobalSection(ExtensibilityGlobals) = postSolution
		SolutionGuid = {F2C5A1B1-3B78-47AA-9F26-97976BF88595}
	EndGlobalSection
EndGlobal
